{
  "name": "lumos",
  "version": "1.0.0",
  "lockfileVersion": 1,
  "requires": true,
  "dependencies": {
    "@ckb-lumos/base": {
      "version": "0.13.1",
      "resolved": "https://registry.npmjs.org/@ckb-lumos/base/-/base-0.13.1.tgz",
      "integrity": "sha512-elJLWRAfLxQ1AKxed3HmBGcDc9TDUV4As9586Qe78BKf8rf7nOQ1VVyaWpUePo7vCPKclXkulY3XpwqnBKtmOg==",
      "requires": {
        "blake2b": "^2.1.3",
        "ckb-js-toolkit": "^0.9.2",
        "immutable": "^4.0.0-rc.12",
        "xxhash": "^0.3.0"
      }
    },
    "@ckb-lumos/config-manager": {
      "version": "0.13.1",
      "resolved": "https://registry.npmjs.org/@ckb-lumos/config-manager/-/config-manager-0.13.1.tgz",
      "integrity": "sha512-w20raS7KHOTrjMxke9tb9JZ18XV/ZUiM9UIxqtDp6obCvyujsgQhLGGlAfecH1WGd+xR4TdPkzQ11cQXpBg7aw==",
      "requires": {
        "deep-freeze-strict": "^1.1.1"
      }
    },
    "@ckb-lumos/helpers": {
      "version": "0.13.1",
      "resolved": "https://registry.npmjs.org/@ckb-lumos/helpers/-/helpers-0.13.1.tgz",
      "integrity": "sha512-mCH9lYiK7NhG2f78E9y9KkgW45BmZCzJYg+gBM9Faitl1lBz7vSuwbK1zvU3kZfjH9+l0tACQzPmXfUGmIHuZQ==",
      "requires": {
        "@ckb-lumos/base": "^0.13.1",
        "@ckb-lumos/config-manager": "^0.13.1",
        "bech32": "^1.1.4",
        "ckb-js-toolkit": "^0.9.2",
        "immutable": "^4.0.0-rc.12"
      },
      "dependencies": {
        "@ckb-lumos/base": {
          "version": "0.13.1",
          "resolved": "https://registry.npmjs.org/@ckb-lumos/base/-/base-0.13.1.tgz",
          "integrity": "sha512-elJLWRAfLxQ1AKxed3HmBGcDc9TDUV4As9586Qe78BKf8rf7nOQ1VVyaWpUePo7vCPKclXkulY3XpwqnBKtmOg==",
          "requires": {
            "blake2b": "^2.1.3",
            "ckb-js-toolkit": "^0.9.2",
            "immutable": "^4.0.0-rc.12",
            "xxhash": "^0.3.0"
          }
        }
      }
    },
    "@types/node": {
      "version": "14.11.8",
      "resolved": "https://registry.npmjs.org/@types/node/-/node-14.11.8.tgz",
      "integrity": "sha512-KPcKqKm5UKDkaYPTuXSx8wEP7vE9GnuaXIZKijwRYcePpZFDVuy2a57LarFKiORbHOuTOOwYzxVxcUzsh2P2Pw==",
      "dev": true
    },
    "bech32": {
      "version": "1.1.4",
      "resolved": "https://registry.npmjs.org/bech32/-/bech32-1.1.4.tgz",
      "integrity": "sha512-s0IrSOzLlbvX7yp4WBfPITzpAU8sqQcpsmwXDiKwrG4r491vwCO/XpejasRNl0piBMe/DvP4Tz0mIS/X1DPJBQ=="
    },
    "blake2b": {
      "version": "2.1.3",
      "resolved": "https://registry.npmjs.org/blake2b/-/blake2b-2.1.3.tgz",
      "integrity": "sha512-pkDss4xFVbMb4270aCyGD3qLv92314Et+FsKzilCLxDz5DuZ2/1g3w4nmBbu6nKApPspnjG7JcwTjGZnduB1yg==",
      "requires": {
        "blake2b-wasm": "^1.1.0",
        "nanoassert": "^1.0.0"
      }
    },
    "blake2b-wasm": {
      "version": "1.1.7",
      "resolved": "https://registry.npmjs.org/blake2b-wasm/-/blake2b-wasm-1.1.7.tgz",
      "integrity": "sha512-oFIHvXhlz/DUgF0kq5B1CqxIDjIJwh9iDeUUGQUcvgiGz7Wdw03McEO7CfLBy7QKGdsydcMCgO9jFNBAFCtFcA==",
      "requires": {
        "nanoassert": "^1.0.0"
      }
    },
    "ckb-js-toolkit": {
      "version": "0.9.2",
      "resolved": "https://registry.npmjs.org/ckb-js-toolkit/-/ckb-js-toolkit-0.9.2.tgz",
      "integrity": "sha512-KutTBpsvkioPl3wPzwS6A5yEppq2pbpSPG4dXnbAu+L5gBzhQVEOj5tH4WBwF8qHm6u9mc/zCRnmjPw8e8Ad2g==",
      "requires": {
        "cross-fetch": "^3.0.6",
        "jsbi": "^3.1.2"
      }
    },
    "cross-fetch": {
      "version": "3.0.6",
      "resolved": "https://registry.npmjs.org/cross-fetch/-/cross-fetch-3.0.6.tgz",
      "integrity": "sha512-KBPUbqgFjzWlVcURG+Svp9TlhA5uliYtiNx/0r8nv0pdypeQCRJ9IaSIc3q/x3q8t3F75cHuwxVql1HFGHCNJQ==",
      "requires": {
        "node-fetch": "2.6.1"
      }
    },
    "deep-freeze-strict": {
      "version": "1.1.1",
      "resolved": "https://registry.npmjs.org/deep-freeze-strict/-/deep-freeze-strict-1.1.1.tgz",
      "integrity": "sha1-d9BYPKJKab5LvZrC+uQV1VUj5bA="
    },
    "immutable": {
      "version": "4.0.0-rc.12",
      "resolved": "https://registry.npmjs.org/immutable/-/immutable-4.0.0-rc.12.tgz",
      "integrity": "sha512-0M2XxkZLx/mi3t8NVwIm1g8nHoEmM9p9UBl/G9k4+hm0kBgOVdMV/B3CY5dQ8qG8qc80NN4gDV4HQv6FTJ5q7A=="
    },
    "jsbi": {
      "version": "3.1.4",
      "resolved": "https://registry.npmjs.org/jsbi/-/jsbi-3.1.4.tgz",
      "integrity": "sha512-52QRRFSsi9impURE8ZUbzAMCLjPm4THO7H2fcuIvaaeFTbSysvkodbQQXIVsNgq/ypDbq6dJiuGKL0vZ/i9hUg=="
    },
    "nan": {
      "version": "2.14.2",
      "resolved": "https://registry.npmjs.org/nan/-/nan-2.14.2.tgz",
      "integrity": "sha512-M2ufzIiINKCuDfBSAUr1vWQ+vuVcA9kqx8JJUsbQi6yf1uGRyb7HfpdfUr5qLXf3B/t8dPvcjhKMmlfnP47EzQ=="
    },
    "nanoassert": {
      "version": "1.1.0",
      "resolved": "https://registry.npmjs.org/nanoassert/-/nanoassert-1.1.0.tgz",
      "integrity": "sha1-TzFS4JVA/eKMdvRLGbvNHVpCR40="
    },
    "node-fetch": {
      "version": "2.6.1",
      "resolved": "https://registry.npmjs.org/node-fetch/-/node-fetch-2.6.1.tgz",
      "integrity": "sha512-V4aYg89jEoVRxRb2fJdAg8FHvI7cEyYdVAh94HH0UIK8oJxUfkjlDQN9RbMx+bEjP7+ggMiFRprSti032Oipxw=="
    },
    "xxhash": {
      "version": "0.3.0",
      "resolved": "https://registry.npmjs.org/xxhash/-/xxhash-0.3.0.tgz",
      "integrity": "sha512-1ud2yyPiR1DJhgyF1ZVMt+Ijrn0VNS/wzej1Z8eSFfkNfRPp8abVZNV2u9tYy9574II0ZayZYZgJm8KJoyGLCw==",
      "requires": {
        "nan": "^2.13.2"
      }
    }
  }
}
